
Microsoft Visual Studio Solution File, Format Version 12.00
# Visual Studio Version 17
VisualStudioVersion = 17.9.34622.214
MinimumVisualStudioVersion = 10.0.40219.1
Project("{FAE04EC0-301F-11D3-BF4B-00C04F79EFBC}") = "Sz.Blazor", "Sz.Blazor\Sz.Blazor.csproj", "{EBBCD378-3414-4210-B6FB-2FD0BC33A846}"
EndProject
Project("{FAE04EC0-301F-11D3-BF4B-00C04F79EFBC}") = "Sz.Blazor.Client", "Sz.Blazor.Client\Sz.Blazor.Client.csproj", "{CE693F32-3E13-476A-AE26-B6CEA35F015A}"
EndProject
Global
	GlobalSection(SolutionConfigurationPlatforms) = preSolution
		Debug|Any CPU = Debug|Any CPU
		Release|Any CPU = Release|Any CPU
	EndGlobalSection
	GlobalSection(ProjectConfigurationPlatforms) = postSolution
		{EBBCD378-3414-4210-B6FB-2FD0BC33A846}.Debug|Any CPU.ActiveCfg = Debug|Any CPU
		{EBBCD378-3414-4210-B6FB-2FD0BC33A846}.Debug|Any CPU.Build.0 = Debug|Any CPU
		{EBBCD378-3414-4210-B6FB-2FD0BC33A846}.Release|Any CPU.ActiveCfg = Release|Any CPU
		{EBBCD378-3414-4210-B6FB-2FD0BC33A846}.Release|Any CPU.Build.0 = Release|Any CPU
		{CE693F32-3E13-476A-AE26-B6CEA35F015A}.Debug|Any CPU.ActiveCfg = Debug|Any CPU
		{CE693F32-3E13-476A-AE26-B6CEA35F015A}.Debug|Any CPU.Build.0 = Debug|Any CPU
		{CE693F32-3E13-476A-AE26-B6CEA35F015A}.Release|Any CPU.ActiveCfg = Release|Any CPU
		{CE693F32-3E13-476A-AE26-B6CEA35F015A}.Release|Any CPU.Build.0 = Release|Any CPU
	EndGlobalSection
	GlobalSection(SolutionProperties) = preSolution
		HideSolutionNode = FALSE
	EndGlobalSection
	GlobalSection(ExtensibilityGlobals) = postSolution
		SolutionGuid = {599852D1-4434-44D6-A467-52FB78B3130E}
	EndGlobalSection
EndGlobal
